
Microsoft Visual Studio Solution File, Format Version 12.00
# Visual Studio Version 17
VisualStudioVersion = 17.13.35806.99
MinimumVisualStudioVersion = 10.0.40219.1
Project("{FAE04EC0-301F-11D3-BF4B-00C04F79EFBC}") = "Ikea.PL", "Ikea.PL\Ikea.PL.csproj", "{C364D5B0-7C1C-4EBA-9FBF-9D41CC85893F}"
EndProject
Project("{FAE04EC0-301F-11D3-BF4B-00C04F79EFBC}") = "Ikea.BLL", "Ikea.BLL\Ikea.BLL.csproj", "{35AB5513-C50E-466A-9834-ED1306D9754D}"
EndProject
Project("{FAE04EC0-301F-11D3-BF4B-00C04F79EFBC}") = "IKEa.DAL", "IKEa.DAL\IKEa.DAL.csproj", "{D60AF15E-BB53-4E6C-ADBD-78615896EC06}"
EndProject
Global
	GlobalSection(SolutionConfigurationPlatforms) = preSolution
		Debug|Any CPU = Debug|Any CPU
		Release|Any CPU = Release|Any CPU
	EndGlobalSection
	GlobalSection(ProjectConfigurationPlatforms) = postSolution
		{C364D5B0-7C1C-4EBA-9FBF-9D41CC85893F}.Debug|Any CPU.ActiveCfg = Debug|Any CPU
		{C364D5B0-7C1C-4EBA-9FBF-9D41CC85893F}.Debug|Any CPU.Build.0 = Debug|Any CPU
		{C364D5B0-7C1C-4EBA-9FBF-9D41CC85893F}.Release|Any CPU.ActiveCfg = Release|Any CPU
		{C364D5B0-7C1C-4EBA-9FBF-9D41CC85893F}.Release|Any CPU.Build.0 = Release|Any CPU
		{35AB5513-C50E-466A-9834-ED1306D9754D}.Debug|Any CPU.ActiveCfg = Debug|Any CPU
		{35AB5513-C50E-466A-9834-ED1306D9754D}.Debug|Any CPU.Build.0 = Debug|Any CPU
		{35AB5513-C50E-466A-9834-ED1306D9754D}.Release|Any CPU.ActiveCfg = Release|Any CPU
		{35AB5513-C50E-466A-9834-ED1306D9754D}.Release|Any CPU.Build.0 = Release|Any CPU
		{D60AF15E-BB53-4E6C-ADBD-78615896EC06}.Debug|Any CPU.ActiveCfg = Debug|Any CPU
		{D60AF15E-BB53-4E6C-ADBD-78615896EC06}.Debug|Any CPU.Build.0 = Debug|Any CPU
		{D60AF15E-BB53-4E6C-ADBD-78615896EC06}.Release|Any CPU.ActiveCfg = Release|Any CPU
		{D60AF15E-BB53-4E6C-ADBD-78615896EC06}.Release|Any CPU.Build.0 = Release|Any CPU
	EndGlobalSection
	GlobalSection(SolutionProperties) = preSolution
		HideSolutionNode = FALSE
	EndGlobalSection
	GlobalSection(ExtensibilityGlobals) = postSolution
		SolutionGuid = {C999E4ED-9454-448D-AFAC-16134061F3D8}
	EndGlobalSection
EndGlobal
